<?xml version="1.0" encoding="utf-8"?>
<Project ToolsVersion="17.0" xmlns="http://schemas.microsoft.com/developer/msbuild/2003">
  <ItemGroup>
    <ClCompile Include="A:\ModernLibrarys\ModernLibrary\Src\string.ixx">
      <Filter>String</Filter>
    </ClCompile>
    <ClCompile Include="A:\ModernLibrarys\ModernLibrary\Execute\main.cpp">
      <Filter>Source Files</Filter>
    </ClCompile>
  </ItemGroup>
  <ItemGroup>
    <CustomBuild Include="A:\ModernLibrarys\CMakeLists.txt" />
  </ItemGroup>
  <ItemGroup>
    <Filter Include="Source Files">
      <UniqueIdentifier>{F4643F4E-CA5E-37B3-92D0-8269FC00D809}</UniqueIdentifier>
    </Filter>
    <Filter Include="String">
      <UniqueIdentifier>{55FD64AB-3D9A-373B-B493-B56DC13ABB7C}</UniqueIdentifier>
    </Filter>
  </ItemGroup>
</Project>
