<?xml version="1.0" encoding="utf-8"?>
<Project ToolsVersion="17.0" xmlns="http://schemas.microsoft.com/developer/msbuild/2003">
  <ItemGroup>
    <CustomBuild Include="A:\ModernLibrarys\ML\CMakeFiles\3cba95229a775ce7e051a471170c2547\generate.stamp.rule">
      <Filter>CMake Rules</Filter>
    </CustomBuild>
  </ItemGroup>
  <ItemGroup>
    <Filter Include="CMake Rules">
      <UniqueIdentifier>{55762DEC-3F97-3AB0-81F7-AA546BF3DEDD}</UniqueIdentifier>
    </Filter>
  </ItemGroup>
</Project>
